Microsoft Visual Studio Solution File, Format Version 12.00
# Visual Studio Version 17
VisualStudioVersion = 17.13.35825.156 d17.13
MinimumVisualStudioVersion = 10.0.40219.1
Project("{FAE04EC0-301F-11D3-BF4B-00C04F79EFBC}") = "AsApp2ollama.AppHost", "AsApp2ollama.AppHost\AsApp2ollama.AppHost.csproj", "{CA707C2F-6CC7-4F18-8F24-7430E1E4949F}"
EndProject
Project("{FAE04EC0-301F-11D3-BF4B-00C04F79EFBC}") = "AsApp2ollama.ServiceDefaults", "AsApp2ollama.ServiceDefaults\AsApp2ollama.ServiceDefaults.csproj", "{DD71CF9E-CA9B-CD0A-EE1A-BABEB23BAC2C}"
EndProject
Project("{FAE04EC0-301F-11D3-BF4B-00C04F79EFBC}") = "AsApp2ollama.ApiService", "AsApp2ollama.ApiService\AsApp2ollama.ApiService.csproj", "{BD113D91-58DA-70E5-FDEB-09A254502B52}"
EndProject
Project("{FAE04EC0-301F-11D3-BF4B-00C04F79EFBC}") = "AsApp2ollama.Web", "AsApp2ollama.Web\AsApp2ollama.Web.csproj", "{350548BD-F172-9C2C-0A86-A631D753B711}"
EndProject
Project("{FAE04EC0-301F-11D3-BF4B-00C04F79EFBC}") = "AsApp2ollama.Tests", "AsApp2ollama.Tests\AsApp2ollama.Tests.csproj", "{B317531D-CC4A-6DEB-CEDF-2F60C84376B7}"
EndProject
Global
	GlobalSection(SolutionConfigurationPlatforms) = preSolution
		Debug|Any CPU = Debug|Any CPU
		Release|Any CPU = Release|Any CPU
	EndGlobalSection
	GlobalSection(ProjectConfigurationPlatforms) = postSolution
		{CA707C2F-6CC7-4F18-8F24-7430E1E4949F}.Debug|Any CPU.ActiveCfg = Debug|Any CPU
		{CA707C2F-6CC7-4F18-8F24-7430E1E4949F}.Debug|Any CPU.Build.0 = Debug|Any CPU
		{CA707C2F-6CC7-4F18-8F24-7430E1E4949F}.Release|Any CPU.ActiveCfg = Release|Any CPU
		{CA707C2F-6CC7-4F18-8F24-7430E1E4949F}.Release|Any CPU.Build.0 = Release|Any CPU
		{DD71CF9E-CA9B-CD0A-EE1A-BABEB23BAC2C}.Debug|Any CPU.ActiveCfg = Debug|Any CPU
		{DD71CF9E-CA9B-CD0A-EE1A-BABEB23BAC2C}.Debug|Any CPU.Build.0 = Debug|Any CPU
		{DD71CF9E-CA9B-CD0A-EE1A-BABEB23BAC2C}.Release|Any CPU.ActiveCfg = Release|Any CPU
		{DD71CF9E-CA9B-CD0A-EE1A-BABEB23BAC2C}.Release|Any CPU.Build.0 = Release|Any CPU
		{BD113D91-58DA-70E5-FDEB-09A254502B52}.Debug|Any CPU.ActiveCfg = Debug|Any CPU
		{BD113D91-58DA-70E5-FDEB-09A254502B52}.Debug|Any CPU.Build.0 = Debug|Any CPU
		{BD113D91-58DA-70E5-FDEB-09A254502B52}.Release|Any CPU.ActiveCfg = Release|Any CPU
		{BD113D91-58DA-70E5-FDEB-09A254502B52}.Release|Any CPU.Build.0 = Release|Any CPU
		{350548BD-F172-9C2C-0A86-A631D753B711}.Debug|Any CPU.ActiveCfg = Debug|Any CPU
		{350548BD-F172-9C2C-0A86-A631D753B711}.Debug|Any CPU.Build.0 = Debug|Any CPU
		{350548BD-F172-9C2C-0A86-A631D753B711}.Release|Any CPU.ActiveCfg = Release|Any CPU
		{350548BD-F172-9C2C-0A86-A631D753B711}.Release|Any CPU.Build.0 = Release|Any CPU
		{B317531D-CC4A-6DEB-CEDF-2F60C84376B7}.Debug|Any CPU.ActiveCfg = Debug|Any CPU
		{B317531D-CC4A-6DEB-CEDF-2F60C84376B7}.Debug|Any CPU.Build.0 = Debug|Any CPU
		{B317531D-CC4A-6DEB-CEDF-2F60C84376B7}.Release|Any CPU.ActiveCfg = Release|Any CPU
		{B317531D-CC4A-6DEB-CEDF-2F60C84376B7}.Release|Any CPU.Build.0 = Release|Any CPU
	EndGlobalSection
	GlobalSection(SolutionProperties) = preSolution
		HideSolutionNode = FALSE
	EndGlobalSection
	GlobalSection(ExtensibilityGlobals) = postSolution
		SolutionGuid = {94C3C132-2087-42D0-A50F-73F54971A5E3}
	EndGlobalSection
EndGlobal
